{
  "name": "IOG Retranslation Scripts",
  "version": "1.0.0",
  "lockfileVersion": 3,
  "requires": true,
  "packages": {
    "": {
      "name": "IOG Retranslation Scripts",
      "version": "1.0.0",
      "license": "MIT",
      "devDependencies": {
        "@gaialabs/core": "1.0.5",
        "@gaialabs/iog-baserom": "0.2.4",
        "typescript": "^6.0.3"
      }
    },
    "node_modules/@gaialabs/core": {
      "version": "1.0.5",
      "resolved": "https://registry.npmjs.org/@gaialabs/core/-/core-1.0.5.tgz",
      "integrity": "sha512-NC9yOkP/CuLQpUqukL2uHe87wjKkXB6zmyS09tn2XTn/66zqcVXYM44sRtd74tNSNshBBRV4knKsM5J0Gom6rA==",
      "dev": true,
      "license": "MIT",
      "funding": {
        "url": "https://github.com/sponsors/Azarem"
      }
    },
    "node_modules/@gaialabs/iog-baserom": {
      "version": "0.2.4",
      "resolved": "https://registry.npmjs.org/@gaialabs/iog-baserom/-/iog-baserom-0.2.4.tgz",
      "integrity": "sha512-o1RrSTNWLvYqlcgF7PSe/ZpKbt2xGe2CnDhDlW062LncF26ili6mPuN2eMwmBJYIHPUdjxBHHVLDWGWPUj78tg==",
      "dev": true,
      "license": "MIT",
      "dependencies": {
        "@gaialabs/core": "1.0.5"
      },
      "funding": {
        "url": "https://github.com/sponsors/Azarem"
      }
    },
    "node_modules/typescript": {
      "version": "6.0.3",
      "resolved": "https://registry.npmjs.org/typescript/-/typescript-6.0.3.tgz",
      "integrity": "sha512-y2TvuxSZPDyQakkFRPZHKFm+KKVqIisdg9/CZwm9ftvKXLP8NRWj38/ODjNbr43SsoXqNuAisEf1GdCxqWcdBw==",
      "dev": true,
      "license": "Apache-2.0",
      "bin": {
        "tsc": "bin/tsc",
        "tsserver": "bin/tsserver"
      },
      "engines": {
        "node": ">=14.17"
      }
    }
  }
}
